{
    "_meta": {
        "hash": {
            "sha256": "fa69324b95223ce3f86c223b4b2342eecf5cc244eb2f8c49f1f0a06b42a159d0"
        },
        "pipfile-spec": 6,
        "requires": {
            "python_version": "3.6"
        },
        "sources": [
            {
                "name": "pypi",
                "url": "https://pypi.org/simple",
                "verify_ssl": true
            }
        ]
    },
    "default": {
        "colorama": {
            "hashes": [
                "sha256:463f8483208e921368c9f306094eb6f725c6ca42b0f97e313cb5d5512459feda",
                "sha256:48eb22f4f8461b1df5734a074b57042430fb06e1d61bd1e11b078c0fe6d7a1f1"
            ],
            "index": "pypi",
            "version": "==0.3.9"
        },
        "random-name": {
            "hashes": [
                "sha256:9905292851b2adceabccafd8998e59acbe3a88e59ac2bd81f8fd9225bd46843b"
            ],
            "index": "pypi",
            "version": "==0.1.1"
        }
    },
    "develop": {}
}
